// !$*UTF8*$!
{
	archiveVersion = 1;
	classes = {
	};
	objectVersion = 46;
	objects = {

/* Begin PBXBuildFile section */
		CCCB8D0D1C23A0AA006B8ED0 /* main.m in Sources */ = {isa = PBXBuildFile; fileRef = CCCB8D0C1C23A0AA006B8ED0 /* main.m */; };
		CCCB8D101C23A0AA006B8ED0 /* AppDelegate.m in Sources */ = {isa = PBXBuildFile; fileRef = CCCB8D0F1C23A0AA006B8ED0 /* AppDelegate.m */; };
		CCCB8D131C23A0AA006B8ED0 /* ViewController.m in Sources */ = {isa = PBXBuildFile; fileRef = CCCB8D121C23A0AA006B8ED0 /* ViewController.m */; };
		CCCB8D161C23A0AA006B8ED0 /* Main.storyboard in Resources */ = {isa = PBXBuildFile; fileRef = CCCB8D141C23A0AA006B8ED0 /* Main.storyboard */; };
		CCCB8D181C23A0AA006B8ED0 /* Assets.xcassets in Resources */ = {isa = PBXBuildFile; fileRef = CCCB8D171C23A0AA006B8ED0 /* Assets.xcassets */; };
		CCCB8D1B1C23A0AA006B8ED0 /* LaunchScreen.storyboard in Resources */ = {isa = PBXBuildFile; fileRef = CCCB8D191C23A0AA006B8ED0 /* LaunchScreen.storyboard */; };
		CCCB8D261C23A0AA006B8ED0 /* _1_JSONSerializationDemoTests.m in Sources */ = {isa = PBXBuildFile; fileRef = CCCB8D251C23A0AA006B8ED0 /* _1_JSONSerializationDemoTests.m */; };
		CCCB8D311C23A0AA006B8ED0 /* _1_JSONSerializationDemoUITests.m in Sources */ = {isa = PBXBuildFile; fileRef = CCCB8D301C23A0AA006B8ED0 /* _1_JSONSerializationDemoUITests.m */; };
		CCCB8D3F1C23A105006B8ED0 /* test.json in Resources */ = {isa = PBXBuildFile; fileRef = CCCB8D3E1C23A105006B8ED0 /* test.json */; };
		CCCB8D421C23A3E0006B8ED0 /* QYCityInfo.m in Sources */ = {isa = PBXBuildFile; fileRef = CCCB8D411C23A3E0006B8ED0 /* QYCityInfo.m */; };
		CCCB8D441C23A777006B8ED0 /* leaf.json in Resources */ = {isa = PBXBuildFile; fileRef = CCCB8D431C23A777006B8ED0 /* leaf.json */; };
/* End PBXBuildFile section */

/* Begin PBXContainerItemProxy section */
		CCCB8D221C23A0AA006B8ED0 /* PBXContainerItemProxy */ = {
			isa = PBXContainerItemProxy;
			containerPortal = CCCB8D001C23A0AA006B8ED0 /* Project object */;
			proxyType = 1;
			remoteGlobalIDString = CCCB8D071C23A0AA006B8ED0;
			remoteInfo = "01-JSONSerializationDemo";
		};
		CCCB8D2D1C23A0AA006B8ED0 /* PBXContainerItemProxy */ = {
			isa = PBXContainerItemProxy;
			containerPortal = CCCB8D001C23A0AA006B8ED0 /* Project object */;
			proxyType = 1;
			remoteGlobalIDString = CCCB8D071C23A0AA006B8ED0;
			remoteInfo = "01-JSONSerializationDemo";
		};
/* End PBXContainerItemProxy section */

/* Begin PBXFileReference section */
		CCCB8D081C23A0AA006B8ED0 /* 01-JSONSerializationDemo.app */ = {isa = PBXFileReference; explicitFileType = wrapper.application; includeInIndex = 0; path = "01-JSONSerializationDemo.app"; sourceTree = BUILT_PRODUCTS_DIR; };
		CCCB8D0C1C23A0AA006B8ED0 /* main.m */ = {isa = PBXFileReference; lastKnownFileType = sourcecode.c.objc; path = main.m; sourceTree = "<group>"; };
		CCCB8D0E1C23A0AA006B8ED0 /* AppDelegate.h */ = {isa = PBXFileReference; lastKnownFileType = sourcecode.c.h; path = AppDelegate.h; sourceTree = "<group>"; };
		CCCB8D0F1C23A0AA006B8ED0 /* AppDelegate.m */ = {isa = PBXFileReference; lastKnownFileType = sourcecode.c.objc; path = AppDelegate.m; sourceTree = "<group>"; };
		CCCB8D111C23A0AA006B8ED0 /* ViewController.h */ = {isa = PBXFileReference; lastKnownFileType = sourcecode.c.h; path = ViewController.h; sourceTree = "<group>"; };
		CCCB8D121C23A0AA006B8ED0 /* ViewController.m */ = {isa = PBXFileReference; lastKnownFileType = sourcecode.c.objc; path = ViewController.m; sourceTree = "<group>"; };
		CCCB8D151C23A0AA006B8ED0 /* Base */ = {isa = PBXFileReference; lastKnownFileType = file.storyboard; name = Base; path = Base.lproj/Main.storyboard; sourceTree = "<group>"; };
		CCCB8D171C23A0AA006B8ED0 /* Assets.xcassets */ = {isa = PBXFileReference; lastKnownFileType = folder.assetcatalog; path = Assets.xcassets; sourceTree = "<group>"; };
		CCCB8D1A1C23A0AA006B8ED0 /* Base */ = {isa = PBXFileReference; lastKnownFileType = file.storyboard; name = Base; path = Base.lproj/LaunchScreen.storyboard; sourceTree = "<group>"; };
		CCCB8D1C1C23A0AA006B8ED0 /* Info.plist */ = {isa = PBXFileReference; lastKnownFileType = text.plist.xml; path = Info.plist; sourceTree = "<group>"; };
		CCCB8D211C23A0AA006B8ED0 /* 01-JSONSerializationDemoTests.xctest */ = {isa = PBXFileReference; explicitFileType = wrapper.cfbundle; includeInIndex = 0; path = "01-JSONSerializationDemoTests.xctest"; sourceTree = BUILT_PRODUCTS_DIR; };
		CCCB8D251C23A0AA006B8ED0 /* _1_JSONSerializationDemoTests.m */ = {isa = PBXFileReference; lastKnownFileType = sourcecode.c.objc; path = _1_JSONSerializationDemoTests.m; sourceTree = "<group>"; };
		CCCB8D271C23A0AA006B8ED0 /* Info.plist */ = {isa = PBXFileReference; lastKnownFileType = text.plist.xml; path = Info.plist; sourceTree = "<group>"; };
		CCCB8D2C1C23A0AA006B8ED0 /* 01-JSONSerializationDemoUITests.xctest */ = {isa = PBXFileReference; explicitFileType = wrapper.cfbundle; includeInIndex = 0; path = "01-JSONSerializationDemoUITests.xctest"; sourceTree = BUILT_PRODUCTS_DIR; };
		CCCB8D301C23A0AA006B8ED0 /* _1_JSONSerializationDemoUITests.m */ = {isa = PBXFileReference; lastKnownFileType = sourcecode.c.objc; path = _1_JSONSerializationDemoUITests.m; sourceTree = "<group>"; };
		CCCB8D321C23A0AA006B8ED0 /* Info.plist */ = {isa = PBXFileReference; lastKnownFileType = text.plist.xml; path = Info.plist; sourceTree = "<group>"; };
		CCCB8D3E1C23A105006B8ED0 /* test.json */ = {isa = PBXFileReference; fileEncoding = 4; lastKnownFileType = text.json; path = test.json; sourceTree = "<group>"; };
		CCCB8D401C23A3E0006B8ED0 /* QYCityInfo.h */ = {isa = PBXFileReference; fileEncoding = 4; lastKnownFileType = sourcecode.c.h; path = QYCityInfo.h; sourceTree = "<group>"; };
		CCCB8D411C23A3E0006B8ED0 /* QYCityInfo.m */ = {isa = PBXFileReference; fileEncoding = 4; lastKnownFileType = sourcecode.c.objc; path = QYCityInfo.m; sourceTree = "<group>"; };
		CCCB8D431C23A777006B8ED0 /* leaf.json */ = {isa = PBXFileReference; fileEncoding = 4; lastKnownFileType = text.json; path = leaf.json; sourceTree = "<group>"; };
/* End PBXFileReference section */

/* Begin PBXFrameworksBuildPhase section */
		CCCB8D051C23A0AA006B8ED0 /* Frameworks */ = {
			isa = PBXFrameworksBuildPhase;
			buildActionMask = 2147483647;
			files = (
			);
			runOnlyForDeploymentPostprocessing = 0;
		};
		CCCB8D1E1C23A0AA006B8ED0 /* Frameworks */ = {
			isa = PBXFrameworksBuildPhase;
			buildActionMask = 2147483647;
			files = (
			);
			runOnlyForDeploymentPostprocessing = 0;
		};
		CCCB8D291C23A0AA006B8ED0 /* Frameworks */ = {
			isa = PBXFrameworksBuildPhase;
			buildActionMask = 2147483647;
			files = (
			);
			runOnlyForDeploymentPostprocessing = 0;
		};
/* End PBXFrameworksBuildPhase section */

/* Begin PBXGroup section */
		CCCB8CFF1C23A0AA006B8ED0 = {
			isa = PBXGroup;
			children = (
				CCCB8D0A1C23A0AA006B8ED0 /* 01-JSONSerializationDemo */,
				CCCB8D241C23A0AA006B8ED0 /* 01-JSONSerializationDemoTests */,
				CCCB8D2F1C23A0AA006B8ED0 /* 01-JSONSerializationDemoUITests */,
				CCCB8D091C23A0AA006B8ED0 /* Products */,
			);
			sourceTree = "<group>";
		};
		CCCB8D091C23A0AA006B8ED0 /* Products */ = {
			isa = PBXGroup;
			children = (
				CCCB8D081C23A0AA006B8ED0 /* 01-JSONSerializationDemo.app */,
				CCCB8D211C23A0AA006B8ED0 /* 01-JSONSerializationDemoTests.xctest */,
				CCCB8D2C1C23A0AA006B8ED0 /* 01-JSONSerializationDemoUITests.xctest */,
			);
			name = Products;
			sourceTree = "<group>";
		};
		CCCB8D0A1C23A0AA006B8ED0 /* 01-JSONSerializationDemo */ = {
			isa = PBXGroup;
			children = (
				CCCB8D0E1C23A0AA006B8ED0 /* AppDelegate.h */,
				CCCB8D0F1C23A0AA006B8ED0 /* AppDelegate.m */,
				CCCB8D111C23A0AA006B8ED0 /* ViewController.h */,
				CCCB8D121C23A0AA006B8ED0 /* ViewController.m */,
				CCCB8D401C23A3E0006B8ED0 /* QYCityInfo.h */,
				CCCB8D411C23A3E0006B8ED0 /* QYCityInfo.m */,
				CCCB8D141C23A0AA006B8ED0 /* Main.storyboard */,
				CCCB8D171C23A0AA006B8ED0 /* Assets.xcassets */,
				CCCB8D191C23A0AA006B8ED0 /* LaunchScreen.storyboard */,
				CCCB8D1C1C23A0AA006B8ED0 /* Info.plist */,
				CCCB8D0B1C23A0AA006B8ED0 /* Supporting Files */,
			);
			path = "01-JSONSerializationDemo";
			sourceTree = "<group>";
		};
		CCCB8D0B1C23A0AA006B8ED0 /* Supporting Files */ = {
			isa = PBXGroup;
			children = (
				CCCB8D0C1C23A0AA006B8ED0 /* main.m */,
				CCCB8D3E1C23A105006B8ED0 /* test.json */,
				CCCB8D431C23A777006B8ED0 /* leaf.json */,
			);
			name = "Supporting Files";
			sourceTree = "<group>";
		};
		CCCB8D241C23A0AA006B8ED0 /* 01-JSONSerializationDemoTests */ = {
			isa = PBXGroup;
			children = (
				CCCB8D251C23A0AA006B8ED0 /* _1_JSONSerializationDemoTests.m */,
				CCCB8D271C23A0AA006B8ED0 /* Info.plist */,
			);
			path = "01-JSONSerializationDemoTests";
			sourceTree = "<group>";
		};
		CCCB8D2F1C23A0AA006B8ED0 /* 01-JSONSerializationDemoUITests */ = {
			isa = PBXGroup;
			children = (
				CCCB8D301C23A0AA006B8ED0 /* _1_JSONSerializationDemoUITests.m */,
				CCCB8D321C23A0AA006B8ED0 /* Info.plist */,
			);
			path = "01-JSONSerializationDemoUITests";
			sourceTree = "<group>";
		};
/* End PBXGroup section */

/* Begin PBXNativeTarget section */
		CCCB8D071C23A0AA006B8ED0 /* 01-JSONSerializationDemo */ = {
			isa = PBXNativeTarget;
			buildConfigurationList = CCCB8D351C23A0AA006B8ED0 /* Build configuration list for PBXNativeTarget "01-JSONSerializationDemo" */;
			buildPhases = (
				CCCB8D041C23A0AA006B8ED0 /* Sources */,
				CCCB8D051C23A0AA006B8ED0 /* Frameworks */,
				CCCB8D061C23A0AA006B8ED0 /* Resources */,
			);
			buildRules = (
			);
			dependencies = (
			);
			name = "01-JSONSerializationDemo";
			productName = "01-JSONSerializationDemo";
			productReference = CCCB8D081C23A0AA006B8ED0 /* 01-JSONSerializationDemo.app */;
			productType = "com.apple.product-type.application";
		};
		CCCB8D201C23A0AA006B8ED0 /* 01-JSONSerializationDemoTests */ = {
			isa = PBXNativeTarget;
			buildConfigurationList = CCCB8D381C23A0AA006B8ED0 /* Build configuration list for PBXNativeTarget "01-JSONSerializationDemoTests" */;
			buildPhases = (
				CCCB8D1D1C23A0AA006B8ED0 /* Sources */,
				CCCB8D1E1C23A0AA006B8ED0 /* Frameworks */,
				CCCB8D1F1C23A0AA006B8ED0 /* Resources */,
			);
			buildRules = (
			);
			dependencies = (
				CCCB8D231C23A0AA006B8ED0 /* PBXTargetDependency */,
			);
			name = "01-JSONSerializationDemoTests";
			productName = "01-JSONSerializationDemoTests";
			productReference = CCCB8D211C23A0AA006B8ED0 /* 01-JSONSerializationDemoTests.xctest */;
			productType = "com.apple.product-type.bundle.unit-test";
		};
		CCCB8D2B1C23A0AA006B8ED0 /* 01-JSONSerializationDemoUITests */ = {
			isa = PBXNativeTarget;
			buildConfigurationList = CCCB8D3B1C23A0AA006B8ED0 /* Build configuration list for PBXNativeTarget "01-JSONSerializationDemoUITests" */;
			buildPhases = (
				CCCB8D281C23A0AA006B8ED0 /* Sources */,
				CCCB8D291C23A0AA006B8ED0 /* Frameworks */,
				CCCB8D2A1C23A0AA006B8ED0 /* Resources */,
			);
			buildRules = (
			);
			dependencies = (
				CCCB8D2E1C23A0AA006B8ED0 /* PBXTargetDependency */,
			);
			name = "01-JSONSerializationDemoUITests";
			productName = "01-JSONSerializationDemoUITests";
			productReference = CCCB8D2C1C23A0AA006B8ED0 /* 01-JSONSerializationDemoUITests.xctest */;
			productType = "com.apple.product-type.bundle.ui-testing";
		};
/* End PBXNativeTarget section */

/* Begin PBXProject section */
		CCCB8D001C23A0AA006B8ED0 /* Project object */ = {
			isa = PBXProject;
			attributes = {
				LastUpgradeCheck = 0710;
				ORGANIZATIONNAME = qingyun;
				TargetAttributes = {
					CCCB8D071C23A0AA006B8ED0 = {
						CreatedOnToolsVersion = 7.1.1;
					};
					CCCB8D201C23A0AA006B8ED0 = {
						CreatedOnToolsVersion = 7.1.1;
						TestTargetID = CCCB8D071C23A0AA006B8ED0;
					};
					CCCB8D2B1C23A0AA006B8ED0 = {
						CreatedOnToolsVersion = 7.1.1;
						TestTargetID = CCCB8D071C23A0AA006B8ED0;
					};
				};
			};
			buildConfigurationList = CCCB8D031C23A0AA006B8ED0 /* Build configuration list for PBXProject "01-JSONSerializationDemo" */;
			compatibilityVersion = "Xcode 3.2";
			developmentRegion = English;
			hasScannedForEncodings = 0;
			knownRegions = (
				en,
				Base,
			);
			mainGroup = CCCB8CFF1C23A0AA006B8ED0;
			productRefGroup = CCCB8D091C23A0AA006B8ED0 /* Products */;
			projectDirPath = "";
			projectRoot = "";
			targets = (
				CCCB8D071C23A0AA006B8ED0 /* 01-JSONSerializationDemo */,
				CCCB8D201C23A0AA006B8ED0 /* 01-JSONSerializationDemoTests */,
				CCCB8D2B1C23A0AA006B8ED0 /* 01-JSONSerializationDemoUITests */,
			);
		};
/* End PBXProject section */

/* Begin PBXResourcesBuildPhase section */
		CCCB8D061C23A0AA006B8ED0 /* Resources */ = {
			isa = PBXResourcesBuildPhase;
			buildActionMask = 2147483647;
			files = (
				CCCB8D1B1C23A0AA006B8ED0 /* LaunchScreen.storyboard in Resources */,
				CCCB8D3F1C23A105006B8ED0 /* test.json in Resources */,
				CCCB8D181C23A0AA006B8ED0 /* Assets.xcassets in Resources */,
				CCCB8D441C23A777006B8ED0 /* leaf.json in Resources */,
				CCCB8D161C23A0AA006B8ED0 /* Main.storyboard in Resources */,
			);
			runOnlyForDeploymentPostprocessing = 0;
		};
		CCCB8D1F1C23A0AA006B8ED0 /* Resources */ = {
			isa = PBXResourcesBuildPhase;
			buildActionMask = 2147483647;
			files = (
			);
			runOnlyForDeploymentPostprocessing = 0;
		};
		CCCB8D2A1C23A0AA006B8ED0 /* Resources */ = {
			isa = PBXResourcesBuildPhase;
			buildActionMask = 2147483647;
			files = (
			);
			runOnlyForDeploymentPostprocessing = 0;
		};
/* End PBXResourcesBuildPhase section */

/* Begin PBXSourcesBuildPhase section */
		CCCB8D041C23A0AA006B8ED0 /* Sources */ = {
			isa = PBXSourcesBuildPhase;
			buildActionMask = 2147483647;
			files = (
				CCCB8D131C23A0AA006B8ED0 /* ViewController.m in Sources */,
				CCCB8D101C23A0AA006B8ED0 /* AppDelegate.m in Sources */,
				CCCB8D421C23A3E0006B8ED0 /* QYCityInfo.m in Sources */,
				CCCB8D0D1C23A0AA006B8ED0 /* main.m in Sources */,
			);
			runOnlyForDeploymentPostprocessing = 0;
		};
		CCCB8D1D1C23A0AA006B8ED0 /* Sources */ = {
			isa = PBXSourcesBuildPhase;
			buildActionMask = 2147483647;
			files = (
				CCCB8D261C23A0AA006B8ED0 /* _1_JSONSerializationDemoTests.m in Sources */,
			);
			runOnlyForDeploymentPostprocessing = 0;
		};
		CCCB8D281C23A0AA006B8ED0 /* Sources */ = {
			isa = PBXSourcesBuildPhase;
			buildActionMask = 2147483647;
			files = (
				CCCB8D311C23A0AA006B8ED0 /* _1_JSONSerializationDemoUITests.m in Sources */,
			);
			runOnlyForDeploymentPostprocessing = 0;
		};
/* End PBXSourcesBuildPhase section */

/* Begin PBXTargetDependency section */
		CCCB8D231C23A0AA006B8ED0 /* PBXTargetDependency */ = {
			isa = PBXTargetDependency;
			target = CCCB8D071C23A0AA006B8ED0 /* 01-JSONSerializationDemo */;
			targetProxy = CCCB8D221C23A0AA006B8ED0 /* PBXContainerItemProxy */;
		};
		CCCB8D2E1C23A0AA006B8ED0 /* PBXTargetDependency */ = {
			isa = PBXTargetDependency;
			target = CCCB8D071C23A0AA006B8ED0 /* 01-JSONSerializationDemo */;
			targetProxy = CCCB8D2D1C23A0AA006B8ED0 /* PBXContainerItemProxy */;
		};
/* End PBXTargetDependency section */

/* Begin PBXVariantGroup section */
		CCCB8D141C23A0AA006B8ED0 /* Main.storyboard */ = {
			isa = PBXVariantGroup;
			children = (
				CCCB8D151C23A0AA006B8ED0 /* Base */,
			);
			name = Main.storyboard;
			sourceTree = "<group>";
		};
		CCCB8D191C23A0AA006B8ED0 /* LaunchScreen.storyboard */ = {
			isa = PBXVariantGroup;
			children = (
				CCCB8D1A1C23A0AA006B8ED0 /* Base */,
			);
			name = LaunchScreen.storyboard;
			sourceTree = "<group>";
		};
/* End PBXVariantGroup section */

/* Begin XCBuildConfiguration section */
		CCCB8D331C23A0AA006B8ED0 /* Debug */ = {
			isa = XCBuildConfiguration;
			buildSettings = {
				ALWAYS_SEARCH_USER_PATHS = NO;
				CLANG_CXX_LANGUAGE_STANDARD = "gnu++0x";
				CLANG_CXX_LIBRARY = "libc++";
				CLANG_ENABLE_MODULES = YES;
				CLANG_ENABLE_OBJC_ARC = YES;
				CLANG_WARN_BOOL_CONVERSION = YES;
				CLANG_WARN_CONSTANT_CONVERSION = YES;
				CLANG_WARN_DIRECT_OBJC_ISA_USAGE = YES_ERROR;
				CLANG_WARN_EMPTY_BODY = YES;
				CLANG_WARN_ENUM_CONVERSION = YES;
				CLANG_WARN_INT_CONVERSION = YES;
				CLANG_WARN_OBJC_ROOT_CLASS = YES_ERROR;
				CLANG_WARN_UNREACHABLE_CODE = YES;
				CLANG_WARN__DUPLICATE_METHOD_MATCH = YES;
				"CODE_SIGN_IDENTITY[sdk=iphoneos*]" = "iPhone Developer";
				COPY_PHASE_STRIP = NO;
				DEBUG_INFORMATION_FORMAT = dwarf;
				ENABLE_STRICT_OBJC_MSGSEND = YES;
				ENABLE_TESTABILITY = YES;
				GCC_C_LANGUAGE_STANDARD = gnu99;
				GCC_DYNAMIC_NO_PIC = NO;
				GCC_NO_COMMON_BLOCKS = YES;
				GCC_OPTIMIZATION_LEVEL = 0;
				GCC_PREPROCESSOR_DEFINITIONS = (
					"DEBUG=1",
					"$(inherited)",
				);
				GCC_WARN_64_TO_32_BIT_CONVERSION = YES;
				GCC_WARN_ABOUT_RETURN_TYPE = YES_ERROR;
				GCC_WARN_UNDECLARED_SELECTOR = YES;
				GCC_WARN_UNINITIALIZED_AUTOS = YES_AGGRESSIVE;
				GCC_WARN_UNUSED_FUNCTION = YES;
				GCC_WARN_UNUSED_VARIABLE = YES;
				IPHONEOS_DEPLOYMENT_TARGET = 9.1;
				MTL_ENABLE_DEBUG_INFO = YES;
				ONLY_ACTIVE_ARCH = YES;
				SDKROOT = iphoneos;
			};
			name = Debug;
		};
		CCCB8D341C23A0AA006B8ED0 /* Release */ = {
			isa = XCBuildConfiguration;
			buildSettings = {
				ALWAYS_SEARCH_USER_PATHS = NO;
				CLANG_CXX_LANGUAGE_STANDARD = "gnu++0x";
				CLANG_CXX_LIBRARY = "libc++";
				CLANG_ENABLE_MODULES = YES;
				CLANG_ENABLE_OBJC_ARC = YES;
				CLANG_WARN_BOOL_CONVERSION = YES;
				CLANG_WARN_CONSTANT_CONVERSION = YES;
				CLANG_WARN_DIRECT_OBJC_ISA_USAGE = YES_ERROR;
				CLANG_WARN_EMPTY_BODY = YES;
				CLANG_WARN_ENUM_CONVERSION = YES;
				CLANG_WARN_INT_CONVERSION = YES;
				CLANG_WARN_OBJC_ROOT_CLASS = YES_ERROR;
				CLANG_WARN_UNREACHABLE_CODE = YES;
				CLANG_WARN__DUPLICATE_METHOD_MATCH = YES;
				"CODE_SIGN_IDENTITY[sdk=iphoneos*]" = "iPhone Developer";
				COPY_PHASE_STRIP = NO;
				DEBUG_INFORMATION_FORMAT = "dwarf-with-dsym";
				ENABLE_NS_ASSERTIONS = NO;
				ENABLE_STRICT_OBJC_MSGSEND = YES;
				GCC_C_LANGUAGE_STANDARD = gnu99;
				GCC_NO_COMMON_BLOCKS = YES;
				GCC_WARN_64_TO_32_BIT_CONVERSION = YES;
				GCC_WARN_ABOUT_RETURN_TYPE = YES_ERROR;
				GCC_WARN_UNDECLARED_SELECTOR = YES;
				GCC_WARN_UNINITIALIZED_AUTOS = YES_AGGRESSIVE;
				GCC_WARN_UNUSED_FUNCTION = YES;
				GCC_WARN_UNUSED_VARIABLE = YES;
				IPHONEOS_DEPLOYMENT_TARGET = 9.1;
				MTL_ENABLE_DEBUG_INFO = NO;
				SDKROOT = iphoneos;
				VALIDATE_PRODUCT = YES;
			};
			name = Release;
		};
		CCCB8D361C23A0AA006B8ED0 /* Debug */ = {
			isa = XCBuildConfiguration;
			buildSettings = {
				ASSETCATALOG_COMPILER_APPICON_NAME = AppIcon;
				INFOPLIST_FILE = "01-JSONSerializationDemo/Info.plist";
				LD_RUNPATH_SEARCH_PATHS = "$(inherited) @executable_path/Frameworks";
				PRODUCT_BUNDLE_IDENTIFIER = "com.hnqingyun.-1-JSONSerializationDemo";
				PRODUCT_NAME = "$(TARGET_NAME)";
			};
			name = Debug;
		};
		CCCB8D371C23A0AA006B8ED0 /* Release */ = {
			isa = XCBuildConfiguration;
			buildSettings = {
				ASSETCATALOG_COMPILER_APPICON_NAME = AppIcon;
				INFOPLIST_FILE = "01-JSONSerializationDemo/Info.plist";
				LD_RUNPATH_SEARCH_PATHS = "$(inherited) @executable_path/Frameworks";
				PRODUCT_BUNDLE_IDENTIFIER = "com.hnqingyun.-1-JSONSerializationDemo";
				PRODUCT_NAME = "$(TARGET_NAME)";
			};
			name = Release;
		};
		CCCB8D391C23A0AA006B8ED0 /* Debug */ = {
			isa = XCBuildConfiguration;
			buildSettings = {
				BUNDLE_LOADER = "$(TEST_HOST)";
				INFOPLIST_FILE = "01-JSONSerializationDemoTests/Info.plist";
				LD_RUNPATH_SEARCH_PATHS = "$(inherited) @executable_path/Frameworks @loader_path/Frameworks";
				PRODUCT_BUNDLE_IDENTIFIER = "com.hnqingyun.-1-JSONSerializationDemoTests";
				PRODUCT_NAME = "$(TARGET_NAME)";
				TEST_HOST = "$(BUILT_PRODUCTS_DIR)/01-JSONSerializationDemo.app/01-JSONSerializationDemo";
			};
			name = Debug;
		};
		CCCB8D3A1C23A0AA006B8ED0 /* Release */ = {
			isa = XCBuildConfiguration;
			buildSettings = {
				BUNDLE_LOADER = "$(TEST_HOST)";
				INFOPLIST_FILE = "01-JSONSerializationDemoTests/Info.plist";
				LD_RUNPATH_SEARCH_PATHS = "$(inherited) @executable_path/Frameworks @loader_path/Frameworks";
				PRODUCT_BUNDLE_IDENTIFIER = "com.hnqingyun.-1-JSONSerializationDemoTests";
				PRODUCT_NAME = "$(TARGET_NAME)";
				TEST_HOST = "$(BUILT_PRODUCTS_DIR)/01-JSONSerializationDemo.app/01-JSONSerializationDemo";
			};
			name = Release;
		};
		CCCB8D3C1C23A0AA006B8ED0 /* Debug */ = {
			isa = XCBuildConfiguration;
			buildSettings = {
				INFOPLIST_FILE = "01-JSONSerializationDemoUITests/Info.plist";
				LD_RUNPATH_SEARCH_PATHS = "$(inherited) @executable_path/Frameworks @loader_path/Frameworks";
				PRODUCT_BUNDLE_IDENTIFIER = "com.hnqingyun.-1-JSONSerializationDemoUITests";
				PRODUCT_NAME = "$(TARGET_NAME)";
				TEST_TARGET_NAME = "01-JSONSerializationDemo";
				USES_XCTRUNNER = YES;
			};
			name = Debug;
		};
		CCCB8D3D1C23A0AA006B8ED0 /* Release */ = {
			isa = XCBuildConfiguration;
			buildSettings = {
				INFOPLIST_FILE = "01-JSONSerializationDemoUITests/Info.plist";
				LD_RUNPATH_SEARCH_PATHS = "$(inherited) @executable_path/Frameworks @loader_path/Frameworks";
				PRODUCT_BUNDLE_IDENTIFIER = "com.hnqingyun.-1-JSONSerializationDemoUITests";
				PRODUCT_NAME = "$(TARGET_NAME)";
				TEST_TARGET_NAME = "01-JSONSerializationDemo";
				USES_XCTRUNNER = YES;
			};
			name = Release;
		};
/* End XCBuildConfiguration section */

/* Begin XCConfigurationList section */
		CCCB8D031C23A0AA006B8ED0 /* Build configuration list for PBXProject "01-JSONSerializationDemo" */ = {
			isa = XCConfigurationList;
			buildConfigurations = (
				CCCB8D331C23A0AA006B8ED0 /* Debug */,
				CCCB8D341C23A0AA006B8ED0 /* Release */,
			);
			defaultConfigurationIsVisible = 0;
			defaultConfigurationName = Release;
		};
		CCCB8D351C23A0AA006B8ED0 /* Build configuration list for PBXNativeTarget "01-JSONSerializationDemo" */ = {
			isa = XCConfigurationList;
			buildConfigurations = (
				CCCB8D361C23A0AA006B8ED0 /* Debug */,
				CCCB8D371C23A0AA006B8ED0 /* Release */,
			);
			defaultConfigurationIsVisible = 0;
		};
		CCCB8D381C23A0AA006B8ED0 /* Build configuration list for PBXNativeTarget "01-JSONSerializationDemoTests" */ = {
			isa = XCConfigurationList;
			buildConfigurations = (
				CCCB8D391C23A0AA006B8ED0 /* Debug */,
				CCCB8D3A1C23A0AA006B8ED0 /* Release */,
			);
			defaultConfigurationIsVisible = 0;
		};
		CCCB8D3B1C23A0AA006B8ED0 /* Build configuration list for PBXNativeTarget "01-JSONSerializationDemoUITests" */ = {
			isa = XCConfigurationList;
			buildConfigurations = (
				CCCB8D3C1C23A0AA006B8ED0 /* Debug */,
				CCCB8D3D1C23A0AA006B8ED0 /* Release */,
			);
			defaultConfigurationIsVisible = 0;
		};
/* End XCConfigurationList section */
	};
	rootObject = CCCB8D001C23A0AA006B8ED0 /* Project object */;
}
